// !$*UTF8*$!
{
	archiveVersion = 1;
	classes = {
	};
	objectVersion = 56;
	objects = {

/* Begin PBXBuildFile section */
		5252D6F92C4E6CA80027F260 /* dvda_author_macApp.swift in Sources */ = {isa = PBXBuildFile; fileRef = 5252D6F82C4E6CA80027F260 /* dvda_author_macApp.swift */; };
		5252D6FB2C4E6CA80027F260 /* ContentView.swift in Sources */ = {isa = PBXBuildFile; fileRef = 5252D6FA2C4E6CA80027F260 /* ContentView.swift */; };
		5252D6FD2C4E6CA90027F260 /* Assets.xcassets in Resources */ = {isa = PBXBuildFile; fileRef = 5252D6FC2C4E6CA90027F260 /* Assets.xcassets */; };
		5252D7002C4E6CA90027F260 /* Preview Assets.xcassets in Resources */ = {isa = PBXBuildFile; fileRef = 5252D6FF2C4E6CA90027F260 /* Preview Assets.xcassets */; };
		5252D70B2C4E6CAA0027F260 /* dvda_author_macTests.swift in Sources */ = {isa = PBXBuildFile; fileRef = 5252D70A2C4E6CAA0027F260 /* dvda_author_macTests.swift */; };
		5252D7242C4E6DD30027F260 /* libdvda-author-lib.a in Frameworks */ = {isa = PBXBuildFile; fileRef = 52684AA82C33D9C00078794F /* libdvda-author-lib.a */; };
		5252D7272C4E70B90027F260 /* Author.swift in Sources */ = {isa = PBXBuildFile; fileRef = 5252D7262C4E70B90027F260 /* Author.swift */; };
		52684A332C32990E0078794F /* dvda-author.c in Sources */ = {isa = PBXBuildFile; fileRef = 52684A262C3298D80078794F /* dvda-author.c */; };
		52684A442C329A3F0078794F /* libc_utils.c in Sources */ = {isa = PBXBuildFile; fileRef = 52684A3F2C329A2D0078794F /* libc_utils.c */; };
		52684A472C329D130078794F /* auxiliary.c in Sources */ = {isa = PBXBuildFile; fileRef = 52684A242C3298D80078794F /* auxiliary.c */; };
		52684A482C329D600078794F /* command_line_parsing.c in Sources */ = {isa = PBXBuildFile; fileRef = 52684A252C3298D80078794F /* command_line_parsing.c */; };
		52684A492C329E5C0078794F /* audio.c in Sources */ = {isa = PBXBuildFile; fileRef = 52684A232C3298D80078794F /* audio.c */; };
		52684A662C32A0410078794F /* manager.c in Sources */ = {isa = PBXBuildFile; fileRef = 52684A592C32A0150078794F /* manager.c */; };
		52684A672C32A0550078794F /* checkData.c in Sources */ = {isa = PBXBuildFile; fileRef = 52684A552C32A0150078794F /* checkData.c */; };
		52684A692C32A0600078794F /* readHeader.c in Sources */ = {isa = PBXBuildFile; fileRef = 52684A5A2C32A0150078794F /* readHeader.c */; };
		52684A6A2C32A0650078794F /* repair.c in Sources */ = {isa = PBXBuildFile; fileRef = 52684A5B2C32A0150078794F /* repair.c */; };
		52684A6B2C32A0740078794F /* checkParameters.c in Sources */ = {isa = PBXBuildFile; fileRef = 52684A562C32A0150078794F /* checkParameters.c */; };
		52684A6C2C32A0B00078794F /* fixwav_auxiliary.c in Sources */ = {isa = PBXBuildFile; fileRef = 52684A572C32A0150078794F /* fixwav_auxiliary.c */; };
		52684A6D2C32A0C60078794F /* file_input_parsing.c in Sources */ = {isa = PBXBuildFile; fileRef = 52684A272C3298D80078794F /* file_input_parsing.c */; };
		52684A6E2C32A0D90078794F /* winport.c in Sources */ = {isa = PBXBuildFile; fileRef = 52684A412C329A2D0078794F /* winport.c */; };
		52684A6F2C32B22E0078794F /* launch_manager.c in Sources */ = {isa = PBXBuildFile; fileRef = 52684A282C3298D80078794F /* launch_manager.c */; };
		52684A702C32B3230078794F /* amg2.c in Sources */ = {isa = PBXBuildFile; fileRef = 52684A1E2C3298D80078794F /* amg2.c */; };
		52684A712C32B33D0078794F /* samg2.c in Sources */ = {isa = PBXBuildFile; fileRef = 52684A2E2C3298D80078794F /* samg2.c */; };
		52684A722C32B3520078794F /* ats.c in Sources */ = {isa = PBXBuildFile; fileRef = 52684A202C3298D80078794F /* ats.c */; };
		52684A732C32B3650078794F /* atsi2.c in Sources */ = {isa = PBXBuildFile; fileRef = 52684A222C3298D80078794F /* atsi2.c */; };
		52684AAC2C33D9E80078794F /* ats.c in Sources */ = {isa = PBXBuildFile; fileRef = 52684A202C3298D80078794F /* ats.c */; };
		52684AAD2C33D9EA0078794F /* amg2.c in Sources */ = {isa = PBXBuildFile; fileRef = 52684A1E2C3298D80078794F /* amg2.c */; };
		52684AAF2C33D9F50078794F /* atsi2.c in Sources */ = {isa = PBXBuildFile; fileRef = 52684A222C3298D80078794F /* atsi2.c */; };
		52684AB02C33D9F80078794F /* audio.c in Sources */ = {isa = PBXBuildFile; fileRef = 52684A232C3298D80078794F /* audio.c */; };
		52684AB12C33D9FA0078794F /* auxiliary.c in Sources */ = {isa = PBXBuildFile; fileRef = 52684A242C3298D80078794F /* auxiliary.c */; };
		52684AB22C33DA020078794F /* file_input_parsing.c in Sources */ = {isa = PBXBuildFile; fileRef = 52684A272C3298D80078794F /* file_input_parsing.c */; };
		52684AB42C33DA0D0078794F /* samg2.c in Sources */ = {isa = PBXBuildFile; fileRef = 52684A2E2C3298D80078794F /* samg2.c */; };
		52684AB52C33DA180078794F /* libc_utils.c in Sources */ = {isa = PBXBuildFile; fileRef = 52684A3F2C329A2D0078794F /* libc_utils.c */; };
		52684AB62C33DA1A0078794F /* winport.c in Sources */ = {isa = PBXBuildFile; fileRef = 52684A412C329A2D0078794F /* winport.c */; };
		52684AB72C33DA1F0078794F /* checkData.c in Sources */ = {isa = PBXBuildFile; fileRef = 52684A552C32A0150078794F /* checkData.c */; };
		52684AB82C33DA210078794F /* checkParameters.c in Sources */ = {isa = PBXBuildFile; fileRef = 52684A562C32A0150078794F /* checkParameters.c */; };
		52684AB92C33DA240078794F /* fixwav_auxiliary.c in Sources */ = {isa = PBXBuildFile; fileRef = 52684A572C32A0150078794F /* fixwav_auxiliary.c */; };
		52684ABA2C33DA260078794F /* manager.c in Sources */ = {isa = PBXBuildFile; fileRef = 52684A592C32A0150078794F /* manager.c */; };
		52684ABB2C33DA280078794F /* readHeader.c in Sources */ = {isa = PBXBuildFile; fileRef = 52684A5A2C32A0150078794F /* readHeader.c */; };
		52684ABC2C33DA2A0078794F /* repair.c in Sources */ = {isa = PBXBuildFile; fileRef = 52684A5B2C32A0150078794F /* repair.c */; };
/* End PBXBuildFile section */

/* Begin PBXContainerItemProxy section */
		5252D7072C4E6CAA0027F260 /* PBXContainerItemProxy */ = {
			isa = PBXContainerItemProxy;
			containerPortal = 526849F12C3298A20078794F /* Project object */;
			proxyType = 1;
			remoteGlobalIDString = 5252D6F52C4E6CA80027F260;
			remoteInfo = "dvda-author-mac";
		};
		5252D7212C4E6DCE0027F260 /* PBXContainerItemProxy */ = {
			isa = PBXContainerItemProxy;
			containerPortal = 526849F12C3298A20078794F /* Project object */;
			proxyType = 1;
			remoteGlobalIDString = 52684AA72C33D9C00078794F;
			remoteInfo = "dvda-author-lib";
		};
/* End PBXContainerItemProxy section */

/* Begin PBXCopyFilesBuildPhase section */
		526849F72C3298A20078794F /* CopyFiles */ = {
			isa = PBXCopyFilesBuildPhase;
			buildActionMask = 2147483647;
			dstPath = /usr/share/man/man1/;
			dstSubfolderSpec = 0;
			files = (
			);
			runOnlyForDeploymentPostprocessing = 1;
		};
/* End PBXCopyFilesBuildPhase section */

/* Begin PBXFileReference section */
		5252D6F62C4E6CA80027F260 /* dvda-author-mac.app */ = {isa = PBXFileReference; explicitFileType = wrapper.application; includeInIndex = 0; path = "dvda-author-mac.app"; sourceTree = BUILT_PRODUCTS_DIR; };
		5252D6F82C4E6CA80027F260 /* dvda_author_macApp.swift */ = {isa = PBXFileReference; lastKnownFileType = sourcecode.swift; path = dvda_author_macApp.swift; sourceTree = "<group>"; };
		5252D6FA2C4E6CA80027F260 /* ContentView.swift */ = {isa = PBXFileReference; lastKnownFileType = sourcecode.swift; path = ContentView.swift; sourceTree = "<group>"; };
		5252D6FC2C4E6CA90027F260 /* Assets.xcassets */ = {isa = PBXFileReference; lastKnownFileType = folder.assetcatalog; path = Assets.xcassets; sourceTree = "<group>"; };
		5252D6FF2C4E6CA90027F260 /* Preview Assets.xcassets */ = {isa = PBXFileReference; lastKnownFileType = folder.assetcatalog; path = "Preview Assets.xcassets"; sourceTree = "<group>"; };
		5252D7012C4E6CA90027F260 /* dvda_author_mac.entitlements */ = {isa = PBXFileReference; lastKnownFileType = text.plist.entitlements; path = dvda_author_mac.entitlements; sourceTree = "<group>"; };
		5252D7062C4E6CAA0027F260 /* dvda-author-macTests.xctest */ = {isa = PBXFileReference; explicitFileType = wrapper.cfbundle; includeInIndex = 0; path = "dvda-author-macTests.xctest"; sourceTree = BUILT_PRODUCTS_DIR; };
		5252D70A2C4E6CAA0027F260 /* dvda_author_macTests.swift */ = {isa = PBXFileReference; lastKnownFileType = sourcecode.swift; path = dvda_author_macTests.swift; sourceTree = "<group>"; };
		5252D7252C4E6EC20027F260 /* BridgingHeader.h */ = {isa = PBXFileReference; lastKnownFileType = sourcecode.c.h; path = BridgingHeader.h; sourceTree = "<group>"; };
		5252D7262C4E70B90027F260 /* Author.swift */ = {isa = PBXFileReference; lastKnownFileType = sourcecode.swift; path = Author.swift; sourceTree = "<group>"; };
		526849F92C3298A20078794F /* dvda-author */ = {isa = PBXFileReference; explicitFileType = "compiled.mach-o.executable"; includeInIndex = 0; path = "dvda-author"; sourceTree = BUILT_PRODUCTS_DIR; };
		52684A032C3298D80078794F /* amg.h */ = {isa = PBXFileReference; lastKnownFileType = sourcecode.c.h; path = amg.h; sourceTree = "<group>"; };
		52684A042C3298D80078794F /* asvs.h */ = {isa = PBXFileReference; lastKnownFileType = sourcecode.c.h; path = asvs.h; sourceTree = "<group>"; };
		52684A052C3298D80078794F /* ats.h */ = {isa = PBXFileReference; lastKnownFileType = sourcecode.c.h; path = ats.h; sourceTree = "<group>"; };
		52684A062C3298D80078794F /* ats2wav.h */ = {isa = PBXFileReference; lastKnownFileType = sourcecode.c.h; path = ats2wav.h; sourceTree = "<group>"; };
		52684A072C3298D80078794F /* atsi.h */ = {isa = PBXFileReference; lastKnownFileType = sourcecode.c.h; path = atsi.h; sourceTree = "<group>"; };
		52684A082C3298D80078794F /* audio2.h */ = {isa = PBXFileReference; lastKnownFileType = sourcecode.c.h; path = audio2.h; sourceTree = "<group>"; };
		52684A092C3298D80078794F /* auxiliary.h */ = {isa = PBXFileReference; lastKnownFileType = sourcecode.c.h; path = auxiliary.h; sourceTree = "<group>"; };
		52684A0A2C3298D80078794F /* command_line_parsing.h */ = {isa = PBXFileReference; lastKnownFileType = sourcecode.c.h; path = command_line_parsing.h; sourceTree = "<group>"; };
		52684A0B2C3298D80078794F /* commonvars.h */ = {isa = PBXFileReference; lastKnownFileType = sourcecode.c.h; path = commonvars.h; sourceTree = "<group>"; };
		52684A0C2C3298D80078794F /* dvda-author.h */ = {isa = PBXFileReference; lastKnownFileType = sourcecode.c.h; path = "dvda-author.h"; sourceTree = "<group>"; };
		52684A0D2C3298D80078794F /* file_input_parsing.h */ = {isa = PBXFileReference; lastKnownFileType = sourcecode.c.h; path = file_input_parsing.h; sourceTree = "<group>"; };
		52684A0E2C3298D80078794F /* launch_manager.h */ = {isa = PBXFileReference; lastKnownFileType = sourcecode.c.h; path = launch_manager.h; sourceTree = "<group>"; };
		52684A0F2C3298D80078794F /* lexer.h */ = {isa = PBXFileReference; lastKnownFileType = sourcecode.c.h; path = lexer.h; sourceTree = "<group>"; };
		52684A102C3298D80078794F /* libsoxconvert.h */ = {isa = PBXFileReference; lastKnownFileType = sourcecode.c.h; path = libsoxconvert.h; sourceTree = "<group>"; };
		52684A122C3298D80078794F /* menu.h */ = {isa = PBXFileReference; lastKnownFileType = sourcecode.c.h; path = menu.h; sourceTree = "<group>"; };
		52684A132C3298D80078794F /* mlp.h */ = {isa = PBXFileReference; lastKnownFileType = sourcecode.c.h; path = mlp.h; sourceTree = "<group>"; };
		52684A142C3298D80078794F /* mlplayout.h */ = {isa = PBXFileReference; lastKnownFileType = sourcecode.c.h; path = mlplayout.h; sourceTree = "<group>"; };
		52684A152C3298D80078794F /* multichannel.h */ = {isa = PBXFileReference; lastKnownFileType = sourcecode.c.h; path = multichannel.h; sourceTree = "<group>"; };
		52684A162C3298D80078794F /* ports.h */ = {isa = PBXFileReference; lastKnownFileType = sourcecode.c.h; path = ports.h; sourceTree = "<group>"; };
		52684A172C3298D80078794F /* samg.h */ = {isa = PBXFileReference; lastKnownFileType = sourcecode.c.h; path = samg.h; sourceTree = "<group>"; };
		52684A182C3298D80078794F /* sound.h */ = {isa = PBXFileReference; lastKnownFileType = sourcecode.c.h; path = sound.h; sourceTree = "<group>"; };
		52684A192C3298D80078794F /* structures.h */ = {isa = PBXFileReference; lastKnownFileType = sourcecode.c.h; path = structures.h; sourceTree = "<group>"; };
		52684A1A2C3298D80078794F /* version.h */ = {isa = PBXFileReference; lastKnownFileType = sourcecode.c.h; path = version.h; sourceTree = "<group>"; };
		52684A1B2C3298D80078794F /* videoimport.h */ = {isa = PBXFileReference; lastKnownFileType = sourcecode.c.h; path = videoimport.h; sourceTree = "<group>"; };
		52684A1C2C3298D80078794F /* xml.h */ = {isa = PBXFileReference; lastKnownFileType = sourcecode.c.h; path = xml.h; sourceTree = "<group>"; };
		52684A1E2C3298D80078794F /* amg2.c */ = {isa = PBXFileReference; lastKnownFileType = sourcecode.c.c; path = amg2.c; sourceTree = "<group>"; };
		52684A1F2C3298D80078794F /* asvs.c */ = {isa = PBXFileReference; lastKnownFileType = sourcecode.c.c; path = asvs.c; sourceTree = "<group>"; };
		52684A202C3298D80078794F /* ats.c */ = {isa = PBXFileReference; lastKnownFileType = sourcecode.c.c; path = ats.c; sourceTree = "<group>"; };
		52684A212C3298D80078794F /* ats2wav.c */ = {isa = PBXFileReference; lastKnownFileType = sourcecode.c.c; path = ats2wav.c; sourceTree = "<group>"; };
		52684A222C3298D80078794F /* atsi2.c */ = {isa = PBXFileReference; lastKnownFileType = sourcecode.c.c; path = atsi2.c; sourceTree = "<group>"; };
		52684A232C3298D80078794F /* audio.c */ = {isa = PBXFileReference; lastKnownFileType = sourcecode.c.c; path = audio.c; sourceTree = "<group>"; };
		52684A242C3298D80078794F /* auxiliary.c */ = {isa = PBXFileReference; lastKnownFileType = sourcecode.c.c; path = auxiliary.c; sourceTree = "<group>"; };
		52684A252C3298D80078794F /* command_line_parsing.c */ = {isa = PBXFileReference; lastKnownFileType = sourcecode.c.c; path = command_line_parsing.c; sourceTree = "<group>"; };
		52684A262C3298D80078794F /* dvda-author.c */ = {isa = PBXFileReference; lastKnownFileType = sourcecode.c.c; path = "dvda-author.c"; sourceTree = "<group>"; };
		52684A272C3298D80078794F /* file_input_parsing.c */ = {isa = PBXFileReference; lastKnownFileType = sourcecode.c.c; path = file_input_parsing.c; sourceTree = "<group>"; };
		52684A282C3298D80078794F /* launch_manager.c */ = {isa = PBXFileReference; lastKnownFileType = sourcecode.c.c; path = launch_manager.c; sourceTree = "<group>"; };
		52684A292C3298D80078794F /* lexer.c */ = {isa = PBXFileReference; lastKnownFileType = sourcecode.c.c; path = lexer.c; sourceTree = "<group>"; };
		52684A2A2C3298D80078794F /* libsoxconvert.c */ = {isa = PBXFileReference; lastKnownFileType = sourcecode.c.c; path = libsoxconvert.c; sourceTree = "<group>"; };
		52684A2C2C3298D80078794F /* menu.c */ = {isa = PBXFileReference; lastKnownFileType = sourcecode.c.c; path = menu.c; sourceTree = "<group>"; };
		52684A2D2C3298D80078794F /* mlp.c */ = {isa = PBXFileReference; lastKnownFileType = sourcecode.c.c; path = mlp.c; sourceTree = "<group>"; };
		52684A2E2C3298D80078794F /* samg2.c */ = {isa = PBXFileReference; lastKnownFileType = sourcecode.c.c; path = samg2.c; sourceTree = "<group>"; };
		52684A2F2C3298D80078794F /* sound.c */ = {isa = PBXFileReference; lastKnownFileType = sourcecode.c.c; path = sound.c; sourceTree = "<group>"; };
		52684A302C3298D80078794F /* videoimport.c */ = {isa = PBXFileReference; lastKnownFileType = sourcecode.c.c; path = videoimport.c; sourceTree = "<group>"; };
		52684A312C3298D80078794F /* xml.c */ = {isa = PBXFileReference; lastKnownFileType = sourcecode.c.c; path = xml.c; sourceTree = "<group>"; };
		52684A342C329A2D0078794F /* c_utils.h */ = {isa = PBXFileReference; lastKnownFileType = sourcecode.c.h; path = c_utils.h; sourceTree = "<group>"; };
		52684A352C329A2D0078794F /* decode.h */ = {isa = PBXFileReference; lastKnownFileType = sourcecode.c.h; path = decode.h; sourceTree = "<group>"; };
		52684A362C329A2D0078794F /* export.h */ = {isa = PBXFileReference; lastKnownFileType = sourcecode.c.h; path = export.h; sourceTree = "<group>"; };
		52684A372C329A2D0078794F /* format.h */ = {isa = PBXFileReference; lastKnownFileType = sourcecode.c.h; path = format.h; sourceTree = "<group>"; };
		52684A382C329A2D0078794F /* ordinals.h */ = {isa = PBXFileReference; lastKnownFileType = sourcecode.c.h; path = ordinals.h; sourceTree = "<group>"; };
		52684A392C329A2D0078794F /* stream_decoder.h */ = {isa = PBXFileReference; lastKnownFileType = sourcecode.c.h; path = stream_decoder.h; sourceTree = "<group>"; };
		52684A3A2C329A2D0078794F /* stream_encoder.h */ = {isa = PBXFileReference; lastKnownFileType = sourcecode.c.h; path = stream_encoder.h; sourceTree = "<group>"; };
		52684A3B2C329A2D0078794F /* winport.h */ = {isa = PBXFileReference; lastKnownFileType = sourcecode.c.h; path = winport.h; sourceTree = "<group>"; };
		52684A3D2C329A2D0078794F /* private_c_utils.h */ = {isa = PBXFileReference; lastKnownFileType = sourcecode.c.h; path = private_c_utils.h; sourceTree = "<group>"; };
		52684A3F2C329A2D0078794F /* libc_utils.c */ = {isa = PBXFileReference; lastKnownFileType = sourcecode.c.c; path = libc_utils.c; sourceTree = "<group>"; };
		52684A412C329A2D0078794F /* winport.c */ = {isa = PBXFileReference; lastKnownFileType = sourcecode.c.c; path = winport.c; sourceTree = "<group>"; };
		52684A4B2C32A0150078794F /* audio.h */ = {isa = PBXFileReference; lastKnownFileType = sourcecode.c.h; path = audio.h; sourceTree = "<group>"; };
		52684A4C2C32A0150078794F /* checkData.h */ = {isa = PBXFileReference; lastKnownFileType = sourcecode.c.h; path = checkData.h; sourceTree = "<group>"; };
		52684A4D2C32A0150078794F /* checkParameters.h */ = {isa = PBXFileReference; lastKnownFileType = sourcecode.c.h; path = checkParameters.h; sourceTree = "<group>"; };
		52684A4E2C32A0150078794F /* fixwav_auxiliary.h */ = {isa = PBXFileReference; lastKnownFileType = sourcecode.c.h; path = fixwav_auxiliary.h; sourceTree = "<group>"; };
		52684A4F2C32A0150078794F /* fixwav_manager.h */ = {isa = PBXFileReference; lastKnownFileType = sourcecode.c.h; path = fixwav_manager.h; sourceTree = "<group>"; };
		52684A502C32A0150078794F /* fixwav.h */ = {isa = PBXFileReference; lastKnownFileType = sourcecode.c.h; path = fixwav.h; sourceTree = "<group>"; };
		52684A512C32A0150078794F /* launch_fixwav.h */ = {isa = PBXFileReference; lastKnownFileType = sourcecode.c.h; path = launch_fixwav.h; sourceTree = "<group>"; };
		52684A522C32A0150078794F /* readHeader.h */ = {isa = PBXFileReference; lastKnownFileType = sourcecode.c.h; path = readHeader.h; sourceTree = "<group>"; };
		52684A532C32A0150078794F /* repair.h */ = {isa = PBXFileReference; lastKnownFileType = sourcecode.c.h; path = repair.h; sourceTree = "<group>"; };
		52684A552C32A0150078794F /* checkData.c */ = {isa = PBXFileReference; lastKnownFileType = sourcecode.c.c; path = checkData.c; sourceTree = "<group>"; };
		52684A562C32A0150078794F /* checkParameters.c */ = {isa = PBXFileReference; lastKnownFileType = sourcecode.c.c; path = checkParameters.c; sourceTree = "<group>"; };
		52684A572C32A0150078794F /* fixwav_auxiliary.c */ = {isa = PBXFileReference; lastKnownFileType = sourcecode.c.c; path = fixwav_auxiliary.c; sourceTree = "<group>"; };
		52684A592C32A0150078794F /* manager.c */ = {isa = PBXFileReference; lastKnownFileType = sourcecode.c.c; path = manager.c; sourceTree = "<group>"; };
		52684A5A2C32A0150078794F /* readHeader.c */ = {isa = PBXFileReference; lastKnownFileType = sourcecode.c.c; path = readHeader.c; sourceTree = "<group>"; };
		52684A5B2C32A0150078794F /* repair.c */ = {isa = PBXFileReference; lastKnownFileType = sourcecode.c.c; path = repair.c; sourceTree = "<group>"; };
		52684AA82C33D9C00078794F /* libdvda-author-lib.a */ = {isa = PBXFileReference; explicitFileType = archive.ar; includeInIndex = 0; path = "libdvda-author-lib.a"; sourceTree = BUILT_PRODUCTS_DIR; };
/* End PBXFileReference section */

/* Begin PBXFrameworksBuildPhase section */
		5252D6F32C4E6CA80027F260 /* Frameworks */ = {
			isa = PBXFrameworksBuildPhase;
			buildActionMask = 2147483647;
			files = (
				5252D7242C4E6DD30027F260 /* libdvda-author-lib.a in Frameworks */,
			);
			runOnlyForDeploymentPostprocessing = 0;
		};
		5252D7032C4E6CAA0027F260 /* Frameworks */ = {
			isa = PBXFrameworksBuildPhase;
			buildActionMask = 2147483647;
			files = (
			);
			runOnlyForDeploymentPostprocessing = 0;
		};
		526849F62C3298A20078794F /* Frameworks */ = {
			isa = PBXFrameworksBuildPhase;
			buildActionMask = 2147483647;
			files = (
			);
			runOnlyForDeploymentPostprocessing = 0;
		};
		52684AA62C33D9C00078794F /* Frameworks */ = {
			isa = PBXFrameworksBuildPhase;
			buildActionMask = 2147483647;
			files = (
			);
			runOnlyForDeploymentPostprocessing = 0;
		};
/* End PBXFrameworksBuildPhase section */

/* Begin PBXGroup section */
		5252D6F72C4E6CA80027F260 /* dvda-author-mac */ = {
			isa = PBXGroup;
			children = (
				5252D7252C4E6EC20027F260 /* BridgingHeader.h */,
				5252D6F82C4E6CA80027F260 /* dvda_author_macApp.swift */,
				5252D6FA2C4E6CA80027F260 /* ContentView.swift */,
				5252D6FC2C4E6CA90027F260 /* Assets.xcassets */,
				5252D7012C4E6CA90027F260 /* dvda_author_mac.entitlements */,
				5252D6FE2C4E6CA90027F260 /* Preview Content */,
				5252D7262C4E70B90027F260 /* Author.swift */,
			);
			path = "dvda-author-mac";
			sourceTree = "<group>";
		};
		5252D6FE2C4E6CA90027F260 /* Preview Content */ = {
			isa = PBXGroup;
			children = (
				5252D6FF2C4E6CA90027F260 /* Preview Assets.xcassets */,
			);
			path = "Preview Content";
			sourceTree = "<group>";
		};
		5252D7092C4E6CAA0027F260 /* dvda-author-macTests */ = {
			isa = PBXGroup;
			children = (
				5252D70A2C4E6CAA0027F260 /* dvda_author_macTests.swift */,
			);
			path = "dvda-author-macTests";
			sourceTree = "<group>";
		};
		5252D7232C4E6DD30027F260 /* Frameworks */ = {
			isa = PBXGroup;
			children = (
			);
			name = Frameworks;
			sourceTree = "<group>";
		};
		526849F02C3298A20078794F = {
			isa = PBXGroup;
			children = (
				52684A652C32A0150078794F /* libfixwav */,
				52684A432C329A2D0078794F /* libutils */,
				52684A322C3298D80078794F /* src */,
				5252D6F72C4E6CA80027F260 /* dvda-author-mac */,
				5252D7092C4E6CAA0027F260 /* dvda-author-macTests */,
				526849FA2C3298A20078794F /* Products */,
				5252D7232C4E6DD30027F260 /* Frameworks */,
			);
			sourceTree = "<group>";
		};
		526849FA2C3298A20078794F /* Products */ = {
			isa = PBXGroup;
			children = (
				526849F92C3298A20078794F /* dvda-author */,
				52684AA82C33D9C00078794F /* libdvda-author-lib.a */,
				5252D6F62C4E6CA80027F260 /* dvda-author-mac.app */,
				5252D7062C4E6CAA0027F260 /* dvda-author-macTests.xctest */,
			);
			name = Products;
			sourceTree = "<group>";
		};
		52684A1D2C3298D80078794F /* include */ = {
			isa = PBXGroup;
			children = (
				52684A032C3298D80078794F /* amg.h */,
				52684A042C3298D80078794F /* asvs.h */,
				52684A052C3298D80078794F /* ats.h */,
				52684A062C3298D80078794F /* ats2wav.h */,
				52684A072C3298D80078794F /* atsi.h */,
				52684A082C3298D80078794F /* audio2.h */,
				52684A092C3298D80078794F /* auxiliary.h */,
				52684A0A2C3298D80078794F /* command_line_parsing.h */,
				52684A0B2C3298D80078794F /* commonvars.h */,
				52684A0C2C3298D80078794F /* dvda-author.h */,
				52684A0D2C3298D80078794F /* file_input_parsing.h */,
				52684A0E2C3298D80078794F /* launch_manager.h */,
				52684A0F2C3298D80078794F /* lexer.h */,
				52684A102C3298D80078794F /* libsoxconvert.h */,
				52684A122C3298D80078794F /* menu.h */,
				52684A132C3298D80078794F /* mlp.h */,
				52684A142C3298D80078794F /* mlplayout.h */,
				52684A152C3298D80078794F /* multichannel.h */,
				52684A162C3298D80078794F /* ports.h */,
				52684A172C3298D80078794F /* samg.h */,
				52684A182C3298D80078794F /* sound.h */,
				52684A192C3298D80078794F /* structures.h */,
				52684A1A2C3298D80078794F /* version.h */,
				52684A1B2C3298D80078794F /* videoimport.h */,
				52684A1C2C3298D80078794F /* xml.h */,
			);
			path = include;
			sourceTree = "<group>";
		};
		52684A322C3298D80078794F /* src */ = {
			isa = PBXGroup;
			children = (
				52684A1D2C3298D80078794F /* include */,
				52684A1E2C3298D80078794F /* amg2.c */,
				52684A1F2C3298D80078794F /* asvs.c */,
				52684A202C3298D80078794F /* ats.c */,
				52684A212C3298D80078794F /* ats2wav.c */,
				52684A222C3298D80078794F /* atsi2.c */,
				52684A232C3298D80078794F /* audio.c */,
				52684A242C3298D80078794F /* auxiliary.c */,
				52684A252C3298D80078794F /* command_line_parsing.c */,
				52684A262C3298D80078794F /* dvda-author.c */,
				52684A272C3298D80078794F /* file_input_parsing.c */,
				52684A282C3298D80078794F /* launch_manager.c */,
				52684A292C3298D80078794F /* lexer.c */,
				52684A2A2C3298D80078794F /* libsoxconvert.c */,
				52684A2C2C3298D80078794F /* menu.c */,
				52684A2D2C3298D80078794F /* mlp.c */,
				52684A2E2C3298D80078794F /* samg2.c */,
				52684A2F2C3298D80078794F /* sound.c */,
				52684A302C3298D80078794F /* videoimport.c */,
				52684A312C3298D80078794F /* xml.c */,
			);
			path = src;
			sourceTree = "<group>";
		};
		52684A3C2C329A2D0078794F /* include */ = {
			isa = PBXGroup;
			children = (
				52684A342C329A2D0078794F /* c_utils.h */,
				52684A352C329A2D0078794F /* decode.h */,
				52684A362C329A2D0078794F /* export.h */,
				52684A372C329A2D0078794F /* format.h */,
				52684A382C329A2D0078794F /* ordinals.h */,
				52684A392C329A2D0078794F /* stream_decoder.h */,
				52684A3A2C329A2D0078794F /* stream_encoder.h */,
				52684A3B2C329A2D0078794F /* winport.h */,
			);
			path = include;
			sourceTree = "<group>";
		};
		52684A3E2C329A2D0078794F /* private */ = {
			isa = PBXGroup;
			children = (
				52684A3D2C329A2D0078794F /* private_c_utils.h */,
			);
			path = private;
			sourceTree = "<group>";
		};
		52684A422C329A2D0078794F /* src */ = {
			isa = PBXGroup;
			children = (
				52684A3C2C329A2D0078794F /* include */,
				52684A3E2C329A2D0078794F /* private */,
				52684A3F2C329A2D0078794F /* libc_utils.c */,
				52684A412C329A2D0078794F /* winport.c */,
			);
			path = src;
			sourceTree = "<group>";
		};
		52684A432C329A2D0078794F /* libutils */ = {
			isa = PBXGroup;
			children = (
				52684A422C329A2D0078794F /* src */,
			);
			path = libutils;
			sourceTree = "<group>";
		};
		52684A542C32A0150078794F /* include */ = {
			isa = PBXGroup;
			children = (
				52684A4B2C32A0150078794F /* audio.h */,
				52684A4C2C32A0150078794F /* checkData.h */,
				52684A4D2C32A0150078794F /* checkParameters.h */,
				52684A4E2C32A0150078794F /* fixwav_auxiliary.h */,
				52684A4F2C32A0150078794F /* fixwav_manager.h */,
				52684A502C32A0150078794F /* fixwav.h */,
				52684A512C32A0150078794F /* launch_fixwav.h */,
				52684A522C32A0150078794F /* readHeader.h */,
				52684A532C32A0150078794F /* repair.h */,
			);
			path = include;
			sourceTree = "<group>";
		};
		52684A5C2C32A0150078794F /* src */ = {
			isa = PBXGroup;
			children = (
				52684A542C32A0150078794F /* include */,
				52684A552C32A0150078794F /* checkData.c */,
				52684A562C32A0150078794F /* checkParameters.c */,
				52684A572C32A0150078794F /* fixwav_auxiliary.c */,
				52684A592C32A0150078794F /* manager.c */,
				52684A5A2C32A0150078794F /* readHeader.c */,
				52684A5B2C32A0150078794F /* repair.c */,
			);
			path = src;
			sourceTree = "<group>";
		};
		52684A652C32A0150078794F /* libfixwav */ = {
			isa = PBXGroup;
			children = (
				52684A5C2C32A0150078794F /* src */,
			);
			path = libfixwav;
			sourceTree = "<group>";
		};
/* End PBXGroup section */

/* Begin PBXHeadersBuildPhase section */
		52684AA42C33D9C00078794F /* Headers */ = {
			isa = PBXHeadersBuildPhase;
			buildActionMask = 2147483647;
			files = (
			);
			runOnlyForDeploymentPostprocessing = 0;
		};
/* End PBXHeadersBuildPhase section */

/* Begin PBXNativeTarget section */
		5252D6F52C4E6CA80027F260 /* dvda-author-mac */ = {
			isa = PBXNativeTarget;
			buildConfigurationList = 5252D71E2C4E6CAA0027F260 /* Build configuration list for PBXNativeTarget "dvda-author-mac" */;
			buildPhases = (
				5252D6F22C4E6CA80027F260 /* Sources */,
				5252D6F32C4E6CA80027F260 /* Frameworks */,
				5252D6F42C4E6CA80027F260 /* Resources */,
			);
			buildRules = (
			);
			dependencies = (
				5252D7222C4E6DCE0027F260 /* PBXTargetDependency */,
			);
			name = "dvda-author-mac";
			productName = "dvda-author-mac";
			productReference = 5252D6F62C4E6CA80027F260 /* dvda-author-mac.app */;
			productType = "com.apple.product-type.application";
		};
		5252D7052C4E6CAA0027F260 /* dvda-author-macTests */ = {
			isa = PBXNativeTarget;
			buildConfigurationList = 5252D71F2C4E6CAA0027F260 /* Build configuration list for PBXNativeTarget "dvda-author-macTests" */;
			buildPhases = (
				5252D7022C4E6CAA0027F260 /* Sources */,
				5252D7032C4E6CAA0027F260 /* Frameworks */,
				5252D7042C4E6CAA0027F260 /* Resources */,
			);
			buildRules = (
			);
			dependencies = (
				5252D7082C4E6CAA0027F260 /* PBXTargetDependency */,
			);
			name = "dvda-author-macTests";
			productName = "dvda-author-macTests";
			productReference = 5252D7062C4E6CAA0027F260 /* dvda-author-macTests.xctest */;
			productType = "com.apple.product-type.bundle.unit-test";
		};
		526849F82C3298A20078794F /* dvda-author */ = {
			isa = PBXNativeTarget;
			buildConfigurationList = 52684A002C3298A20078794F /* Build configuration list for PBXNativeTarget "dvda-author" */;
			buildPhases = (
				526849F52C3298A20078794F /* Sources */,
				526849F62C3298A20078794F /* Frameworks */,
				526849F72C3298A20078794F /* CopyFiles */,
			);
			buildRules = (
			);
			dependencies = (
			);
			name = "dvda-author";
			productName = "dvda-author";
			productReference = 526849F92C3298A20078794F /* dvda-author */;
			productType = "com.apple.product-type.tool";
		};
		52684AA72C33D9C00078794F /* dvda-author-lib */ = {
			isa = PBXNativeTarget;
			buildConfigurationList = 52684AAB2C33D9C00078794F /* Build configuration list for PBXNativeTarget "dvda-author-lib" */;
			buildPhases = (
				52684AA42C33D9C00078794F /* Headers */,
				52684AA52C33D9C00078794F /* Sources */,
				52684AA62C33D9C00078794F /* Frameworks */,
			);
			buildRules = (
			);
			dependencies = (
			);
			name = "dvda-author-lib";
			productName = "dvda-author-lib";
			productReference = 52684AA82C33D9C00078794F /* libdvda-author-lib.a */;
			productType = "com.apple.product-type.library.static";
		};
/* End PBXNativeTarget section */

/* Begin PBXProject section */
		526849F12C3298A20078794F /* Project object */ = {
			isa = PBXProject;
			attributes = {
				BuildIndependentTargetsInParallel = 1;
				LastSwiftUpdateCheck = 1540;
				LastUpgradeCheck = 1540;
				TargetAttributes = {
					5252D6F52C4E6CA80027F260 = {
						CreatedOnToolsVersion = 15.4;
					};
					5252D7052C4E6CAA0027F260 = {
						CreatedOnToolsVersion = 15.4;
						TestTargetID = 5252D6F52C4E6CA80027F260;
					};
					526849F82C3298A20078794F = {
						CreatedOnToolsVersion = 15.4;
					};
					52684AA72C33D9C00078794F = {
						CreatedOnToolsVersion = 15.4;
					};
				};
			};
			buildConfigurationList = 526849F42C3298A20078794F /* Build configuration list for PBXProject "dvda-author" */;
			compatibilityVersion = "Xcode 14.0";
			developmentRegion = en;
			hasScannedForEncodings = 0;
			knownRegions = (
				en,
				Base,
			);
			mainGroup = 526849F02C3298A20078794F;
			productRefGroup = 526849FA2C3298A20078794F /* Products */;
			projectDirPath = "";
			projectRoot = "";
			targets = (
				526849F82C3298A20078794F /* dvda-author */,
				52684AA72C33D9C00078794F /* dvda-author-lib */,
				5252D6F52C4E6CA80027F260 /* dvda-author-mac */,
				5252D7052C4E6CAA0027F260 /* dvda-author-macTests */,
			);
		};
/* End PBXProject section */

/* Begin PBXResourcesBuildPhase section */
		5252D6F42C4E6CA80027F260 /* Resources */ = {
			isa = PBXResourcesBuildPhase;
			buildActionMask = 2147483647;
			files = (
				5252D7002C4E6CA90027F260 /* Preview Assets.xcassets in Resources */,
				5252D6FD2C4E6CA90027F260 /* Assets.xcassets in Resources */,
			);
			runOnlyForDeploymentPostprocessing = 0;
		};
		5252D7042C4E6CAA0027F260 /* Resources */ = {
			isa = PBXResourcesBuildPhase;
			buildActionMask = 2147483647;
			files = (
			);
			runOnlyForDeploymentPostprocessing = 0;
		};
/* End PBXResourcesBuildPhase section */

/* Begin PBXSourcesBuildPhase section */
		5252D6F22C4E6CA80027F260 /* Sources */ = {
			isa = PBXSourcesBuildPhase;
			buildActionMask = 2147483647;
			files = (
				5252D7272C4E70B90027F260 /* Author.swift in Sources */,
				5252D6FB2C4E6CA80027F260 /* ContentView.swift in Sources */,
				5252D6F92C4E6CA80027F260 /* dvda_author_macApp.swift in Sources */,
			);
			runOnlyForDeploymentPostprocessing = 0;
		};
		5252D7022C4E6CAA0027F260 /* Sources */ = {
			isa = PBXSourcesBuildPhase;
			buildActionMask = 2147483647;
			files = (
				5252D70B2C4E6CAA0027F260 /* dvda_author_macTests.swift in Sources */,
			);
			runOnlyForDeploymentPostprocessing = 0;
		};
		526849F52C3298A20078794F /* Sources */ = {
			isa = PBXSourcesBuildPhase;
			buildActionMask = 2147483647;
			files = (
				52684A722C32B3520078794F /* ats.c in Sources */,
				52684A702C32B3230078794F /* amg2.c in Sources */,
				52684A6F2C32B22E0078794F /* launch_manager.c in Sources */,
				52684A732C32B3650078794F /* atsi2.c in Sources */,
				52684A712C32B33D0078794F /* samg2.c in Sources */,
				52684A6B2C32A0740078794F /* checkParameters.c in Sources */,
				52684A6E2C32A0D90078794F /* winport.c in Sources */,
				52684A482C329D600078794F /* command_line_parsing.c in Sources */,
				52684A332C32990E0078794F /* dvda-author.c in Sources */,
				52684A6A2C32A0650078794F /* repair.c in Sources */,
				52684A692C32A0600078794F /* readHeader.c in Sources */,
				52684A6C2C32A0B00078794F /* fixwav_auxiliary.c in Sources */,
				52684A672C32A0550078794F /* checkData.c in Sources */,
				52684A472C329D130078794F /* auxiliary.c in Sources */,
				52684A662C32A0410078794F /* manager.c in Sources */,
				52684A492C329E5C0078794F /* audio.c in Sources */,
				52684A442C329A3F0078794F /* libc_utils.c in Sources */,
				52684A6D2C32A0C60078794F /* file_input_parsing.c in Sources */,
			);
			runOnlyForDeploymentPostprocessing = 0;
		};
		52684AA52C33D9C00078794F /* Sources */ = {
			isa = PBXSourcesBuildPhase;
			buildActionMask = 2147483647;
			files = (
				52684AB82C33DA210078794F /* checkParameters.c in Sources */,
				52684AB72C33DA1F0078794F /* checkData.c in Sources */,
				52684AAF2C33D9F50078794F /* atsi2.c in Sources */,
				52684AB42C33DA0D0078794F /* samg2.c in Sources */,
				52684AB62C33DA1A0078794F /* winport.c in Sources */,
				52684AAD2C33D9EA0078794F /* amg2.c in Sources */,
				52684AB12C33D9FA0078794F /* auxiliary.c in Sources */,
				52684AB02C33D9F80078794F /* audio.c in Sources */,
				52684AAC2C33D9E80078794F /* ats.c in Sources */,
				52684AB52C33DA180078794F /* libc_utils.c in Sources */,
				52684ABB2C33DA280078794F /* readHeader.c in Sources */,
				52684ABC2C33DA2A0078794F /* repair.c in Sources */,
				52684ABA2C33DA260078794F /* manager.c in Sources */,
				52684AB22C33DA020078794F /* file_input_parsing.c in Sources */,
				52684AB92C33DA240078794F /* fixwav_auxiliary.c in Sources */,
			);
			runOnlyForDeploymentPostprocessing = 0;
		};
/* End PBXSourcesBuildPhase section */

/* Begin PBXTargetDependency section */
		5252D7082C4E6CAA0027F260 /* PBXTargetDependency */ = {
			isa = PBXTargetDependency;
			target = 5252D6F52C4E6CA80027F260 /* dvda-author-mac */;
			targetProxy = 5252D7072C4E6CAA0027F260 /* PBXContainerItemProxy */;
		};
		5252D7222C4E6DCE0027F260 /* PBXTargetDependency */ = {
			isa = PBXTargetDependency;
			target = 52684AA72C33D9C00078794F /* dvda-author-lib */;
			targetProxy = 5252D7212C4E6DCE0027F260 /* PBXContainerItemProxy */;
		};
/* End PBXTargetDependency section */

/* Begin XCBuildConfiguration section */
		5252D7182C4E6CAA0027F260 /* Debug */ = {
			isa = XCBuildConfiguration;
			buildSettings = {
				ASSETCATALOG_COMPILER_APPICON_NAME = AppIcon;
				ASSETCATALOG_COMPILER_GLOBAL_ACCENT_COLOR_NAME = AccentColor;
				CODE_SIGN_ENTITLEMENTS = "dvda-author-mac/dvda_author_mac.entitlements";
				CODE_SIGN_STYLE = Manual;
				COMBINE_HIDPI_IMAGES = YES;
				CURRENT_PROJECT_VERSION = 1;
				DEVELOPMENT_ASSET_PATHS = "\"dvda-author-mac/Preview Content\"";
				DEVELOPMENT_TEAM = "";
				ENABLE_PREVIEWS = YES;
				GENERATE_INFOPLIST_FILE = YES;
				INFOPLIST_KEY_NSHumanReadableCopyright = "";
				LD_RUNPATH_SEARCH_PATHS = (
					"$(inherited)",
					"@executable_path/../Frameworks",
				);
				MARKETING_VERSION = 1.0;
				PRODUCT_BUNDLE_IDENTIFIER = "directory.current.dvda-author-mac";
				PRODUCT_NAME = "$(TARGET_NAME)";
				PROVISIONING_PROFILE_SPECIFIER = "";
				SWIFT_ACTIVE_COMPILATION_CONDITIONS = "DEBUG $(inherited)";
				SWIFT_EMIT_LOC_STRINGS = YES;
				SWIFT_OBJC_BRIDGING_HEADER = "dvda-author-mac/BridgingHeader.h";
				SWIFT_OPTIMIZATION_LEVEL = "-Onone";
				SWIFT_VERSION = 5.0;
			};
			name = Debug;
		};
		5252D7192C4E6CAA0027F260 /* Release */ = {
			isa = XCBuildConfiguration;
			buildSettings = {
				ASSETCATALOG_COMPILER_APPICON_NAME = AppIcon;
				ASSETCATALOG_COMPILER_GLOBAL_ACCENT_COLOR_NAME = AccentColor;
				CODE_SIGN_ENTITLEMENTS = "dvda-author-mac/dvda_author_mac.entitlements";
				CODE_SIGN_STYLE = Manual;
				COMBINE_HIDPI_IMAGES = YES;
				CURRENT_PROJECT_VERSION = 1;
				DEVELOPMENT_ASSET_PATHS = "\"dvda-author-mac/Preview Content\"";
				DEVELOPMENT_TEAM = "";
				ENABLE_PREVIEWS = YES;
				GENERATE_INFOPLIST_FILE = YES;
				INFOPLIST_KEY_NSHumanReadableCopyright = "";
				LD_RUNPATH_SEARCH_PATHS = (
					"$(inherited)",
					"@executable_path/../Frameworks",
				);
				MARKETING_VERSION = 1.0;
				PRODUCT_BUNDLE_IDENTIFIER = "directory.current.dvda-author-mac";
				PRODUCT_NAME = "$(TARGET_NAME)";
				PROVISIONING_PROFILE_SPECIFIER = "";
				SWIFT_COMPILATION_MODE = wholemodule;
				SWIFT_EMIT_LOC_STRINGS = YES;
				SWIFT_OBJC_BRIDGING_HEADER = "dvda-author-mac/BridgingHeader.h";
				SWIFT_VERSION = 5.0;
			};
			name = Release;
		};
		5252D71A2C4E6CAA0027F260 /* Debug */ = {
			isa = XCBuildConfiguration;
			buildSettings = {
				ALWAYS_EMBED_SWIFT_STANDARD_LIBRARIES = YES;
				BUNDLE_LOADER = "$(TEST_HOST)";
				CODE_SIGN_STYLE = Manual;
				CURRENT_PROJECT_VERSION = 1;
				DEVELOPMENT_TEAM = "";
				GENERATE_INFOPLIST_FILE = YES;
				MACOSX_DEPLOYMENT_TARGET = 14.5;
				MARKETING_VERSION = 1.0;
				PRODUCT_BUNDLE_IDENTIFIER = "directory.current.dvda-author-macTests";
				PRODUCT_NAME = "$(TARGET_NAME)";
				PROVISIONING_PROFILE_SPECIFIER = "";
				SWIFT_ACTIVE_COMPILATION_CONDITIONS = "DEBUG $(inherited)";
				SWIFT_EMIT_LOC_STRINGS = NO;
				SWIFT_OPTIMIZATION_LEVEL = "-Onone";
				SWIFT_VERSION = 5.0;
				TEST_HOST = "$(BUILT_PRODUCTS_DIR)/dvda-author-mac.app/$(BUNDLE_EXECUTABLE_FOLDER_PATH)/dvda-author-mac";
			};
			name = Debug;
		};
		5252D71B2C4E6CAA0027F260 /* Release */ = {
			isa = XCBuildConfiguration;
			buildSettings = {
				ALWAYS_EMBED_SWIFT_STANDARD_LIBRARIES = YES;
				BUNDLE_LOADER = "$(TEST_HOST)";
				CODE_SIGN_STYLE = Manual;
				CURRENT_PROJECT_VERSION = 1;
				DEVELOPMENT_TEAM = "";
				GENERATE_INFOPLIST_FILE = YES;
				MACOSX_DEPLOYMENT_TARGET = 14.5;
				MARKETING_VERSION = 1.0;
				PRODUCT_BUNDLE_IDENTIFIER = "directory.current.dvda-author-macTests";
				PRODUCT_NAME = "$(TARGET_NAME)";
				PROVISIONING_PROFILE_SPECIFIER = "";
				SWIFT_COMPILATION_MODE = wholemodule;
				SWIFT_EMIT_LOC_STRINGS = NO;
				SWIFT_VERSION = 5.0;
				TEST_HOST = "$(BUILT_PRODUCTS_DIR)/dvda-author-mac.app/$(BUNDLE_EXECUTABLE_FOLDER_PATH)/dvda-author-mac";
			};
			name = Release;
		};
		526849FE2C3298A20078794F /* Debug */ = {
			isa = XCBuildConfiguration;
			buildSettings = {
				ALWAYS_SEARCH_USER_PATHS = NO;
				ASSETCATALOG_COMPILER_GENERATE_SWIFT_ASSET_SYMBOL_EXTENSIONS = YES;
				CLANG_ANALYZER_NONNULL = YES;
				CLANG_ANALYZER_NUMBER_OBJECT_CONVERSION = YES_AGGRESSIVE;
				CLANG_CXX_LANGUAGE_STANDARD = "gnu++20";
				CLANG_ENABLE_MODULES = YES;
				CLANG_ENABLE_OBJC_ARC = YES;
				CLANG_ENABLE_OBJC_WEAK = YES;
				CLANG_WARN_BLOCK_CAPTURE_AUTORELEASING = YES;
				CLANG_WARN_BOOL_CONVERSION = YES;
				CLANG_WARN_COMMA = YES;
				CLANG_WARN_CONSTANT_CONVERSION = YES;
				CLANG_WARN_DEPRECATED_OBJC_IMPLEMENTATIONS = YES;
				CLANG_WARN_DIRECT_OBJC_ISA_USAGE = YES_ERROR;
				CLANG_WARN_DOCUMENTATION_COMMENTS = YES;
				CLANG_WARN_EMPTY_BODY = YES;
				CLANG_WARN_ENUM_CONVERSION = YES;
				CLANG_WARN_INFINITE_RECURSION = YES;
				CLANG_WARN_INT_CONVERSION = YES;
				CLANG_WARN_NON_LITERAL_NULL_CONVERSION = YES;
				CLANG_WARN_OBJC_IMPLICIT_RETAIN_SELF = YES;
				CLANG_WARN_OBJC_LITERAL_CONVERSION = YES;
				CLANG_WARN_OBJC_ROOT_CLASS = YES_ERROR;
				CLANG_WARN_QUOTED_INCLUDE_IN_FRAMEWORK_HEADER = YES;
				CLANG_WARN_RANGE_LOOP_ANALYSIS = YES;
				CLANG_WARN_STRICT_PROTOTYPES = YES;
				CLANG_WARN_SUSPICIOUS_MOVE = YES;
				CLANG_WARN_UNGUARDED_AVAILABILITY = YES_AGGRESSIVE;
				CLANG_WARN_UNREACHABLE_CODE = YES;
				CLANG_WARN__DUPLICATE_METHOD_MATCH = YES;
				COPY_PHASE_STRIP = NO;
				DEBUG_INFORMATION_FORMAT = dwarf;
				ENABLE_STRICT_OBJC_MSGSEND = YES;
				ENABLE_TESTABILITY = YES;
				ENABLE_USER_SCRIPT_SANDBOXING = YES;
				GCC_C_LANGUAGE_STANDARD = gnu17;
				GCC_DYNAMIC_NO_PIC = NO;
				GCC_NO_COMMON_BLOCKS = YES;
				GCC_OPTIMIZATION_LEVEL = 0;
				GCC_PREPROCESSOR_DEFINITIONS = (
					"DEBUG=1",
					"$(inherited)",
				);
				GCC_WARN_64_TO_32_BIT_CONVERSION = YES;
				GCC_WARN_ABOUT_RETURN_TYPE = YES_ERROR;
				GCC_WARN_UNDECLARED_SELECTOR = YES;
				GCC_WARN_UNINITIALIZED_AUTOS = YES_AGGRESSIVE;
				GCC_WARN_UNUSED_FUNCTION = YES;
				GCC_WARN_UNUSED_VARIABLE = YES;
				LOCALIZATION_PREFERS_STRING_CATALOGS = YES;
				MACOSX_DEPLOYMENT_TARGET = 14.5;
				MTL_ENABLE_DEBUG_INFO = INCLUDE_SOURCE;
				MTL_FAST_MATH = YES;
				ONLY_ACTIVE_ARCH = YES;
				SDKROOT = macosx;
			};
			name = Debug;
		};
		526849FF2C3298A20078794F /* Release */ = {
			isa = XCBuildConfiguration;
			buildSettings = {
				ALWAYS_SEARCH_USER_PATHS = NO;
				ASSETCATALOG_COMPILER_GENERATE_SWIFT_ASSET_SYMBOL_EXTENSIONS = YES;
				CLANG_ANALYZER_NONNULL = YES;
				CLANG_ANALYZER_NUMBER_OBJECT_CONVERSION = YES_AGGRESSIVE;
				CLANG_CXX_LANGUAGE_STANDARD = "gnu++20";
				CLANG_ENABLE_MODULES = YES;
				CLANG_ENABLE_OBJC_ARC = YES;
				CLANG_ENABLE_OBJC_WEAK = YES;
				CLANG_WARN_BLOCK_CAPTURE_AUTORELEASING = YES;
				CLANG_WARN_BOOL_CONVERSION = YES;
				CLANG_WARN_COMMA = YES;
				CLANG_WARN_CONSTANT_CONVERSION = YES;
				CLANG_WARN_DEPRECATED_OBJC_IMPLEMENTATIONS = YES;
				CLANG_WARN_DIRECT_OBJC_ISA_USAGE = YES_ERROR;
				CLANG_WARN_DOCUMENTATION_COMMENTS = YES;
				CLANG_WARN_EMPTY_BODY = YES;
				CLANG_WARN_ENUM_CONVERSION = YES;
				CLANG_WARN_INFINITE_RECURSION = YES;
				CLANG_WARN_INT_CONVERSION = YES;
				CLANG_WARN_NON_LITERAL_NULL_CONVERSION = YES;
				CLANG_WARN_OBJC_IMPLICIT_RETAIN_SELF = YES;
				CLANG_WARN_OBJC_LITERAL_CONVERSION = YES;
				CLANG_WARN_OBJC_ROOT_CLASS = YES_ERROR;
				CLANG_WARN_QUOTED_INCLUDE_IN_FRAMEWORK_HEADER = YES;
				CLANG_WARN_RANGE_LOOP_ANALYSIS = YES;
				CLANG_WARN_STRICT_PROTOTYPES = YES;
				CLANG_WARN_SUSPICIOUS_MOVE = YES;
				CLANG_WARN_UNGUARDED_AVAILABILITY = YES_AGGRESSIVE;
				CLANG_WARN_UNREACHABLE_CODE = YES;
				CLANG_WARN__DUPLICATE_METHOD_MATCH = YES;
				COPY_PHASE_STRIP = NO;
				DEBUG_INFORMATION_FORMAT = "dwarf-with-dsym";
				ENABLE_NS_ASSERTIONS = NO;
				ENABLE_STRICT_OBJC_MSGSEND = YES;
				ENABLE_USER_SCRIPT_SANDBOXING = YES;
				GCC_C_LANGUAGE_STANDARD = gnu17;
				GCC_NO_COMMON_BLOCKS = YES;
				GCC_WARN_64_TO_32_BIT_CONVERSION = YES;
				GCC_WARN_ABOUT_RETURN_TYPE = YES_ERROR;
				GCC_WARN_UNDECLARED_SELECTOR = YES;
				GCC_WARN_UNINITIALIZED_AUTOS = YES_AGGRESSIVE;
				GCC_WARN_UNUSED_FUNCTION = YES;
				GCC_WARN_UNUSED_VARIABLE = YES;
				LOCALIZATION_PREFERS_STRING_CATALOGS = YES;
				MACOSX_DEPLOYMENT_TARGET = 14.5;
				MTL_ENABLE_DEBUG_INFO = NO;
				MTL_FAST_MATH = YES;
				SDKROOT = macosx;
			};
			name = Release;
		};
		52684A012C3298A20078794F /* Debug */ = {
			isa = XCBuildConfiguration;
			buildSettings = {
				CODE_SIGN_STYLE = Automatic;
				HEADER_SEARCH_PATHS = (
					"\"$(SRCROOT)/flac-1.3.4/include/FLAC\"",
					"\"$(SRCROOT)/libutils/src/include\"",
					"\"$(SRCROOT)/libfixwav/src/include\"",
					"\"$(SRCROOT)/ffmpeg-4.2.4\"",
				);
				OTHER_CFLAGS = (
					"-DWITHOUT_sox",
					"-DWITHOUT_lplex",
					"-DWITHOUT_FLAC",
					"-DHAVE_core_BUILD=1",
					"-DLONG_OPTIONS=1",
				);
				PRODUCT_NAME = "$(TARGET_NAME)";
			};
			name = Debug;
		};
		52684A022C3298A20078794F /* Release */ = {
			isa = XCBuildConfiguration;
			buildSettings = {
				CODE_SIGN_STYLE = Automatic;
				HEADER_SEARCH_PATHS = (
					"\"$(SRCROOT)/flac-1.3.4/include/FLAC\"",
					"\"$(SRCROOT)/libutils/src/include\"",
					"\"$(SRCROOT)/libfixwav/src/include\"",
					"\"$(SRCROOT)/ffmpeg-4.2.4\"",
				);
				OTHER_CFLAGS = (
					"-DWITHOUT_sox",
					"-DWITHOUT_lplex",
					"-DWITHOUT_FLAC",
					"-DHAVE_core_BUILD=1",
					"-DLONG_OPTIONS=1",
				);
				PRODUCT_NAME = "$(TARGET_NAME)";
			};
			name = Release;
		};
		52684AA92C33D9C00078794F /* Debug */ = {
			isa = XCBuildConfiguration;
			buildSettings = {
				CODE_SIGN_STYLE = Automatic;
				EXECUTABLE_PREFIX = lib;
				HEADER_SEARCH_PATHS = "\"$(SRCROOT)/ffmpeg-4.2.4\"";
				OTHER_CFLAGS = (
					"-DWITHOUT_sox",
					"-DWITHOUT_lplex",
					"-DWITHOUT_FLAC",
					"-DHAVE_core_BUILD=1",
					"-DNO_ANSI_COLORS=1",
				);
				PRODUCT_NAME = "$(TARGET_NAME)";
				SKIP_INSTALL = YES;
			};
			name = Debug;
		};
		52684AAA2C33D9C00078794F /* Release */ = {
			isa = XCBuildConfiguration;
			buildSettings = {
				CODE_SIGN_STYLE = Automatic;
				EXECUTABLE_PREFIX = lib;
				HEADER_SEARCH_PATHS = "\"$(SRCROOT)/ffmpeg-4.2.4\"";
				OTHER_CFLAGS = (
					"-DWITHOUT_sox",
					"-DWITHOUT_lplex",
					"-DWITHOUT_FLAC",
					"-DHAVE_core_BUILD=1",
					"-DNO_ANSI_COLORS=1",
				);
				PRODUCT_NAME = "$(TARGET_NAME)";
				SKIP_INSTALL = YES;
			};
			name = Release;
		};
/* End XCBuildConfiguration section */

/* Begin XCConfigurationList section */
		5252D71E2C4E6CAA0027F260 /* Build configuration list for PBXNativeTarget "dvda-author-mac" */ = {
			isa = XCConfigurationList;
			buildConfigurations = (
				5252D7182C4E6CAA0027F260 /* Debug */,
				5252D7192C4E6CAA0027F260 /* Release */,
			);
			defaultConfigurationIsVisible = 0;
			defaultConfigurationName = Release;
		};
		5252D71F2C4E6CAA0027F260 /* Build configuration list for PBXNativeTarget "dvda-author-macTests" */ = {
			isa = XCConfigurationList;
			buildConfigurations = (
				5252D71A2C4E6CAA0027F260 /* Debug */,
				5252D71B2C4E6CAA0027F260 /* Release */,
			);
			defaultConfigurationIsVisible = 0;
			defaultConfigurationName = Release;
		};
		526849F42C3298A20078794F /* Build configuration list for PBXProject "dvda-author" */ = {
			isa = XCConfigurationList;
			buildConfigurations = (
				526849FE2C3298A20078794F /* Debug */,
				526849FF2C3298A20078794F /* Release */,
			);
			defaultConfigurationIsVisible = 0;
			defaultConfigurationName = Release;
		};
		52684A002C3298A20078794F /* Build configuration list for PBXNativeTarget "dvda-author" */ = {
			isa = XCConfigurationList;
			buildConfigurations = (
				52684A012C3298A20078794F /* Debug */,
				52684A022C3298A20078794F /* Release */,
			);
			defaultConfigurationIsVisible = 0;
			defaultConfigurationName = Release;
		};
		52684AAB2C33D9C00078794F /* Build configuration list for PBXNativeTarget "dvda-author-lib" */ = {
			isa = XCConfigurationList;
			buildConfigurations = (
				52684AA92C33D9C00078794F /* Debug */,
				52684AAA2C33D9C00078794F /* Release */,
			);
			defaultConfigurationIsVisible = 0;
			defaultConfigurationName = Release;
		};
/* End XCConfigurationList section */
	};
	rootObject = 526849F12C3298A20078794F /* Project object */;
}
